lockfileVersion: 5.4

specifiers:
  ethers: ^5.6.9

dependencies:
  ethers: registry.npmmirror.com/ethers/5.6.9

packages:

  registry.npmmirror.com/@ethersproject/abi/5.6.4:
    resolution: {integrity: sha512-TTeZUlCeIHG6527/2goZA6gW5F8Emoc7MrZDC7hhP84aRGvW3TEdTnZR08Ls88YXM1m2SuK42Osw/jSi3uO8gg==, registry: https://registry.npm.taobao.org/, tarball: https://registry.npmmirror.com/@ethersproject/abi/-/abi-5.6.4.tgz}
    name: '@ethersproject/abi'
    version: 5.6.4
    dependencies:
      '@ethersproject/address': registry.npmmirror.com/@ethersproject/address/5.6.1
      '@ethersproject/bignumber': registry.npmmirror.com/@ethersproject/bignumber/5.6.2
      '@ethersproject/bytes': registry.npmmirror.com/@ethersproject/bytes/5.6.1
      '@ethersproject/constants': registry.npmmirror.com/@ethersproject/constants/5.6.1
      '@ethersproject/hash': registry.npmmirror.com/@ethersproject/hash/5.6.1
      '@ethersproject/keccak256': registry.npmmirror.com/@ethersproject/keccak256/5.6.1
      '@ethersproject/logger': registry.npmmirror.com/@ethersproject/logger/5.6.0
      '@ethersproject/properties': registry.npmmirror.com/@ethersproject/properties/5.6.0
      '@ethersproject/strings': registry.npmmirror.com/@ethersproject/strings/5.6.1
    dev: false

  registry.npmmirror.com/@ethersproject/abstract-provider/5.6.1:
    resolution: {integrity: sha512-BxlIgogYJtp1FS8Muvj8YfdClk3unZH0vRMVX791Z9INBNT/kuACZ9GzaY1Y4yFq+YSy6/w4gzj3HCRKrK9hsQ==, registry: https://registry.npm.taobao.org/, tarball: https://registry.npmmirror.com/@ethersproject/abstract-provider/-/abstract-provider-5.6.1.tgz}
    name: '@ethersproject/abstract-provider'
    version: 5.6.1
    dependencies:
      '@ethersproject/bignumber': registry.npmmirror.com/@ethersproject/bignumber/5.6.2
      '@ethersproject/bytes': registry.npmmirror.com/@ethersproject/bytes/5.6.1
      '@ethersproject/logger': registry.npmmirror.com/@ethersproject/logger/5.6.0
      '@ethersproject/networks': registry.npmmirror.com/@ethersproject/networks/5.6.4
      '@ethersproject/properties': registry.npmmirror.com/@ethersproject/properties/5.6.0
      '@ethersproject/transactions': registry.npmmirror.com/@ethersproject/transactions/5.6.2
      '@ethersproject/web': registry.npmmirror.com/@ethersproject/web/5.6.1
    dev: false

  registry.npmmirror.com/@ethersproject/abstract-signer/5.6.2:
    resolution: {integrity: sha512-n1r6lttFBG0t2vNiI3HoWaS/KdOt8xyDjzlP2cuevlWLG6EX0OwcKLyG/Kp/cuwNxdy/ous+R/DEMdTUwWQIjQ==, registry: https://registry.npm.taobao.org/, tarball: https://registry.npmmirror.com/@ethersproject/abstract-signer/-/abstract-signer-5.6.2.tgz}
    name: '@ethersproject/abstract-signer'
    version: 5.6.2
    dependencies:
      '@ethersproject/abstract-provider': registry.npmmirror.com/@ethersproject/abstract-provider/5.6.1
      '@ethersproject/bignumber': registry.npmmirror.com/@ethersproject/bignumber/5.6.2
      '@ethersproject/bytes': registry.npmmirror.com/@ethersproject/bytes/5.6.1
      '@ethersproject/logger': registry.npmmirror.com/@ethersproject/logger/5.6.0
      '@ethersproject/properties': registry.npmmirror.com/@ethersproject/properties/5.6.0
    dev: false

  registry.npmmirror.com/@ethersproject/address/5.6.1:
    resolution: {integrity: sha512-uOgF0kS5MJv9ZvCz7x6T2EXJSzotiybApn4XlOgoTX0xdtyVIJ7pF+6cGPxiEq/dpBiTfMiw7Yc81JcwhSYA0Q==, registry: https://registry.npm.taobao.org/, tarball: https://registry.npmmirror.com/@ethersproject/address/-/address-5.6.1.tgz}
    name: '@ethersproject/address'
    version: 5.6.1
    dependencies:
      '@ethersproject/bignumber': registry.npmmirror.com/@ethersproject/bignumber/5.6.2
      '@ethersproject/bytes': registry.npmmirror.com/@ethersproject/bytes/5.6.1
      '@ethersproject/keccak256': registry.npmmirror.com/@ethersproject/keccak256/5.6.1
      '@ethersproject/logger': registry.npmmirror.com/@ethersproject/logger/5.6.0
      '@ethersproject/rlp': registry.npmmirror.com/@ethersproject/rlp/5.6.1
    dev: false

  registry.npmmirror.com/@ethersproject/base64/5.6.1:
    resolution: {integrity: sha512-qB76rjop6a0RIYYMiB4Eh/8n+Hxu2NIZm8S/Q7kNo5pmZfXhHGHmS4MinUainiBC54SCyRnwzL+KZjj8zbsSsw==, registry: https://registry.npm.taobao.org/, tarball: https://registry.npmmirror.com/@ethersproject/base64/-/base64-5.6.1.tgz}
    name: '@ethersproject/base64'
    version: 5.6.1
    dependencies:
      '@ethersproject/bytes': registry.npmmirror.com/@ethersproject/bytes/5.6.1
    dev: false

  registry.npmmirror.com/@ethersproject/basex/5.6.1:
    resolution: {integrity: sha512-a52MkVz4vuBXR06nvflPMotld1FJWSj2QT0985v7P/emPZO00PucFAkbcmq2vpVU7Ts7umKiSI6SppiLykVWsA==, registry: https://registry.npm.taobao.org/, tarball: https://registry.npmmirror.com/@ethersproject/basex/-/basex-5.6.1.tgz}
    name: '@ethersproject/basex'
    version: 5.6.1
    dependencies:
      '@ethersproject/bytes': registry.npmmirror.com/@ethersproject/bytes/5.6.1
      '@ethersproject/properties': registry.npmmirror.com/@ethersproject/properties/5.6.0
    dev: false

  registry.npmmirror.com/@ethersproject/bignumber/5.6.2:
    resolution: {integrity: sha512-v7+EEUbhGqT3XJ9LMPsKvXYHFc8eHxTowFCG/HgJErmq4XHJ2WR7aeyICg3uTOAQ7Icn0GFHAohXEhxQHq4Ubw==, registry: https://registry.npm.taobao.org/, tarball: https://registry.npmmirror.com/@ethersproject/bignumber/-/bignumber-5.6.2.tgz}
    name: '@ethersproject/bignumber'
    version: 5.6.2
    dependencies:
      '@ethersproject/bytes': registry.npmmirror.com/@ethersproject/bytes/5.6.1
      '@ethersproject/logger': registry.npmmirror.com/@ethersproject/logger/5.6.0
      bn.js: registry.npmmirror.com/bn.js/5.2.1
    dev: false

  registry.npmmirror.com/@ethersproject/bytes/5.6.1:
    resolution: {integrity: sha512-NwQt7cKn5+ZE4uDn+X5RAXLp46E1chXoaMmrxAyA0rblpxz8t58lVkrHXoRIn0lz1joQElQ8410GqhTqMOwc6g==, registry: https://registry.npm.taobao.org/, tarball: https://registry.npmmirror.com/@ethersproject/bytes/-/bytes-5.6.1.tgz}
    name: '@ethersproject/bytes'
    version: 5.6.1
    dependencies:
      '@ethersproject/logger': registry.npmmirror.com/@ethersproject/logger/5.6.0
    dev: false

  registry.npmmirror.com/@ethersproject/constants/5.6.1:
    resolution: {integrity: sha512-QSq9WVnZbxXYFftrjSjZDUshp6/eKp6qrtdBtUCm0QxCV5z1fG/w3kdlcsjMCQuQHUnAclKoK7XpXMezhRDOLg==, registry: https://registry.npm.taobao.org/, tarball: https://registry.npmmirror.com/@ethersproject/constants/-/constants-5.6.1.tgz}
    name: '@ethersproject/constants'
    version: 5.6.1
    dependencies:
      '@ethersproject/bignumber': registry.npmmirror.com/@ethersproject/bignumber/5.6.2
    dev: false

  registry.npmmirror.com/@ethersproject/contracts/5.6.2:
    resolution: {integrity: sha512-hguUA57BIKi6WY0kHvZp6PwPlWF87MCeB4B7Z7AbUpTxfFXFdn/3b0GmjZPagIHS+3yhcBJDnuEfU4Xz+Ks/8g==, registry: https://registry.npm.taobao.org/, tarball: https://registry.npmmirror.com/@ethersproject/contracts/-/contracts-5.6.2.tgz}
    name: '@ethersproject/contracts'
    version: 5.6.2
    dependencies:
      '@ethersproject/abi': registry.npmmirror.com/@ethersproject/abi/5.6.4
      '@ethersproject/abstract-provider': registry.npmmirror.com/@ethersproject/abstract-provider/5.6.1
      '@ethersproject/abstract-signer': registry.npmmirror.com/@ethersproject/abstract-signer/5.6.2
      '@ethersproject/address': registry.npmmirror.com/@ethersproject/address/5.6.1
      '@ethersproject/bignumber': registry.npmmirror.com/@ethersproject/bignumber/5.6.2
      '@ethersproject/bytes': registry.npmmirror.com/@ethersproject/bytes/5.6.1
      '@ethersproject/constants': registry.npmmirror.com/@ethersproject/constants/5.6.1
      '@ethersproject/logger': registry.npmmirror.com/@ethersproject/logger/5.6.0
      '@ethersproject/properties': registry.npmmirror.com/@ethersproject/properties/5.6.0
      '@ethersproject/transactions': registry.npmmirror.com/@ethersproject/transactions/5.6.2
    dev: false

  registry.npmmirror.com/@ethersproject/hash/5.6.1:
    resolution: {integrity: sha512-L1xAHurbaxG8VVul4ankNX5HgQ8PNCTrnVXEiFnE9xoRnaUcgfD12tZINtDinSllxPLCtGwguQxJ5E6keE84pA==, registry: https://registry.npm.taobao.org/, tarball: https://registry.npmmirror.com/@ethersproject/hash/-/hash-5.6.1.tgz}
    name: '@ethersproject/hash'
    version: 5.6.1
    dependencies:
      '@ethersproject/abstract-signer': registry.npmmirror.com/@ethersproject/abstract-signer/5.6.2
      '@ethersproject/address': registry.npmmirror.com/@ethersproject/address/5.6.1
      '@ethersproject/bignumber': registry.npmmirror.com/@ethersproject/bignumber/5.6.2
      '@ethersproject/bytes': registry.npmmirror.com/@ethersproject/bytes/5.6.1
      '@ethersproject/keccak256': registry.npmmirror.com/@ethersproject/keccak256/5.6.1
      '@ethersproject/logger': registry.npmmirror.com/@ethersproject/logger/5.6.0
      '@ethersproject/properties': registry.npmmirror.com/@ethersproject/properties/5.6.0
      '@ethersproject/strings': registry.npmmirror.com/@ethersproject/strings/5.6.1
    dev: false

  registry.npmmirror.com/@ethersproject/hdnode/5.6.2:
    resolution: {integrity: sha512-tERxW8Ccf9CxW2db3WsN01Qao3wFeRsfYY9TCuhmG0xNpl2IO8wgXU3HtWIZ49gUWPggRy4Yg5axU0ACaEKf1Q==, registry: https://registry.npm.taobao.org/, tarball: https://registry.npmmirror.com/@ethersproject/hdnode/-/hdnode-5.6.2.tgz}
    name: '@ethersproject/hdnode'
    version: 5.6.2
    dependencies:
      '@ethersproject/abstract-signer': registry.npmmirror.com/@ethersproject/abstract-signer/5.6.2
      '@ethersproject/basex': registry.npmmirror.com/@ethersproject/basex/5.6.1
      '@ethersproject/bignumber': registry.npmmirror.com/@ethersproject/bignumber/5.6.2
      '@ethersproject/bytes': registry.npmmirror.com/@ethersproject/bytes/5.6.1
      '@ethersproject/logger': registry.npmmirror.com/@ethersproject/logger/5.6.0
      '@ethersproject/pbkdf2': registry.npmmirror.com/@ethersproject/pbkdf2/5.6.1
      '@ethersproject/properties': registry.npmmirror.com/@ethersproject/properties/5.6.0
      '@ethersproject/sha2': registry.npmmirror.com/@ethersproject/sha2/5.6.1
      '@ethersproject/signing-key': registry.npmmirror.com/@ethersproject/signing-key/5.6.2
      '@ethersproject/strings': registry.npmmirror.com/@ethersproject/strings/5.6.1
      '@ethersproject/transactions': registry.npmmirror.com/@ethersproject/transactions/5.6.2
      '@ethersproject/wordlists': registry.npmmirror.com/@ethersproject/wordlists/5.6.1
    dev: false

  registry.npmmirror.com/@ethersproject/json-wallets/5.6.1:
    resolution: {integrity: sha512-KfyJ6Zwz3kGeX25nLihPwZYlDqamO6pfGKNnVMWWfEVVp42lTfCZVXXy5Ie8IZTN0HKwAngpIPi7gk4IJzgmqQ==, registry: https://registry.npm.taobao.org/, tarball: https://registry.npmmirror.com/@ethersproject/json-wallets/-/json-wallets-5.6.1.tgz}
    name: '@ethersproject/json-wallets'
    version: 5.6.1
    dependencies:
      '@ethersproject/abstract-signer': registry.npmmirror.com/@ethersproject/abstract-signer/5.6.2
      '@ethersproject/address': registry.npmmirror.com/@ethersproject/address/5.6.1
      '@ethersproject/bytes': registry.npmmirror.com/@ethersproject/bytes/5.6.1
      '@ethersproject/hdnode': registry.npmmirror.com/@ethersproject/hdnode/5.6.2
      '@ethersproject/keccak256': registry.npmmirror.com/@ethersproject/keccak256/5.6.1
      '@ethersproject/logger': registry.npmmirror.com/@ethersproject/logger/5.6.0
      '@ethersproject/pbkdf2': registry.npmmirror.com/@ethersproject/pbkdf2/5.6.1
      '@ethersproject/properties': registry.npmmirror.com/@ethersproject/properties/5.6.0
      '@ethersproject/random': registry.npmmirror.com/@ethersproject/random/5.6.1
      '@ethersproject/strings': registry.npmmirror.com/@ethersproject/strings/5.6.1
      '@ethersproject/transactions': registry.npmmirror.com/@ethersproject/transactions/5.6.2
      aes-js: registry.npmmirror.com/aes-js/3.0.0
      scrypt-js: registry.npmmirror.com/scrypt-js/3.0.1
    dev: false

  registry.npmmirror.com/@ethersproject/keccak256/5.6.1:
    resolution: {integrity: sha512-bB7DQHCTRDooZZdL3lk9wpL0+XuG3XLGHLh3cePnybsO3V0rdCAOQGpn/0R3aODmnTOOkCATJiD2hnL+5bwthA==, registry: https://registry.npm.taobao.org/, tarball: https://registry.npmmirror.com/@ethersproject/keccak256/-/keccak256-5.6.1.tgz}
    name: '@ethersproject/keccak256'
    version: 5.6.1
    dependencies:
      '@ethersproject/bytes': registry.npmmirror.com/@ethersproject/bytes/5.6.1
      js-sha3: registry.npmmirror.com/js-sha3/0.8.0
    dev: false

  registry.npmmirror.com/@ethersproject/logger/5.6.0:
    resolution: {integrity: sha512-BiBWllUROH9w+P21RzoxJKzqoqpkyM1pRnEKG69bulE9TSQD8SAIvTQqIMZmmCO8pUNkgLP1wndX1gKghSpBmg==, registry: https://registry.npm.taobao.org/, tarball: https://registry.npmmirror.com/@ethersproject/logger/-/logger-5.6.0.tgz}
    name: '@ethersproject/logger'
    version: 5.6.0
    dev: false

  registry.npmmirror.com/@ethersproject/networks/5.6.4:
    resolution: {integrity: sha512-KShHeHPahHI2UlWdtDMn2lJETcbtaJge4k7XSjDR9h79QTd6yQJmv6Cp2ZA4JdqWnhszAOLSuJEd9C0PRw7hSQ==, registry: https://registry.npm.taobao.org/, tarball: https://registry.npmmirror.com/@ethersproject/networks/-/networks-5.6.4.tgz}
    name: '@ethersproject/networks'
    version: 5.6.4
    dependencies:
      '@ethersproject/logger': registry.npmmirror.com/@ethersproject/logger/5.6.0
    dev: false

  registry.npmmirror.com/@ethersproject/pbkdf2/5.6.1:
    resolution: {integrity: sha512-k4gRQ+D93zDRPNUfmduNKq065uadC2YjMP/CqwwX5qG6R05f47boq6pLZtV/RnC4NZAYOPH1Cyo54q0c9sshRQ==, registry: https://registry.npm.taobao.org/, tarball: https://registry.npmmirror.com/@ethersproject/pbkdf2/-/pbkdf2-5.6.1.tgz}
    name: '@ethersproject/pbkdf2'
    version: 5.6.1
    dependencies:
      '@ethersproject/bytes': registry.npmmirror.com/@ethersproject/bytes/5.6.1
      '@ethersproject/sha2': registry.npmmirror.com/@ethersproject/sha2/5.6.1
    dev: false

  registry.npmmirror.com/@ethersproject/properties/5.6.0:
    resolution: {integrity: sha512-szoOkHskajKePTJSZ46uHUWWkbv7TzP2ypdEK6jGMqJaEt2sb0jCgfBo0gH0m2HBpRixMuJ6TBRaQCF7a9DoCg==, registry: https://registry.npm.taobao.org/, tarball: https://registry.npmmirror.com/@ethersproject/properties/-/properties-5.6.0.tgz}
    name: '@ethersproject/properties'
    version: 5.6.0
    dependencies:
      '@ethersproject/logger': registry.npmmirror.com/@ethersproject/logger/5.6.0
    dev: false

  registry.npmmirror.com/@ethersproject/providers/5.6.8:
    resolution: {integrity: sha512-Wf+CseT/iOJjrGtAOf3ck9zS7AgPmr2fZ3N97r4+YXN3mBePTG2/bJ8DApl9mVwYL+RpYbNxMEkEp4mPGdwG/w==, registry: https://registry.npm.taobao.org/, tarball: https://registry.npmmirror.com/@ethersproject/providers/-/providers-5.6.8.tgz}
    name: '@ethersproject/providers'
    version: 5.6.8
    dependencies:
      '@ethersproject/abstract-provider': registry.npmmirror.com/@ethersproject/abstract-provider/5.6.1
      '@ethersproject/abstract-signer': registry.npmmirror.com/@ethersproject/abstract-signer/5.6.2
      '@ethersproject/address': registry.npmmirror.com/@ethersproject/address/5.6.1
      '@ethersproject/base64': registry.npmmirror.com/@ethersproject/base64/5.6.1
      '@ethersproject/basex': registry.npmmirror.com/@ethersproject/basex/5.6.1
      '@ethersproject/bignumber': registry.npmmirror.com/@ethersproject/bignumber/5.6.2
      '@ethersproject/bytes': registry.npmmirror.com/@ethersproject/bytes/5.6.1
      '@ethersproject/constants': registry.npmmirror.com/@ethersproject/constants/5.6.1
      '@ethersproject/hash': registry.npmmirror.com/@ethersproject/hash/5.6.1
      '@ethersproject/logger': registry.npmmirror.com/@ethersproject/logger/5.6.0
      '@ethersproject/networks': registry.npmmirror.com/@ethersproject/networks/5.6.4
      '@ethersproject/properties': registry.npmmirror.com/@ethersproject/properties/5.6.0
      '@ethersproject/random': registry.npmmirror.com/@ethersproject/random/5.6.1
      '@ethersproject/rlp': registry.npmmirror.com/@ethersproject/rlp/5.6.1
      '@ethersproject/sha2': registry.npmmirror.com/@ethersproject/sha2/5.6.1
      '@ethersproject/strings': registry.npmmirror.com/@ethersproject/strings/5.6.1
      '@ethersproject/transactions': registry.npmmirror.com/@ethersproject/transactions/5.6.2
      '@ethersproject/web': registry.npmmirror.com/@ethersproject/web/5.6.1
      bech32: registry.npmmirror.com/bech32/1.1.4
      ws: registry.npmmirror.com/ws/7.4.6
    transitivePeerDependencies:
      - bufferutil
      - utf-8-validate
    dev: false

  registry.npmmirror.com/@ethersproject/random/5.6.1:
    resolution: {integrity: sha512-/wtPNHwbmng+5yi3fkipA8YBT59DdkGRoC2vWk09Dci/q5DlgnMkhIycjHlavrvrjJBkFjO/ueLyT+aUDfc4lA==, registry: https://registry.npm.taobao.org/, tarball: https://registry.npmmirror.com/@ethersproject/random/-/random-5.6.1.tgz}
    name: '@ethersproject/random'
    version: 5.6.1
    dependencies:
      '@ethersproject/bytes': registry.npmmirror.com/@ethersproject/bytes/5.6.1
      '@ethersproject/logger': registry.npmmirror.com/@ethersproject/logger/5.6.0
    dev: false

  registry.npmmirror.com/@ethersproject/rlp/5.6.1:
    resolution: {integrity: sha512-uYjmcZx+DKlFUk7a5/W9aQVaoEC7+1MOBgNtvNg13+RnuUwT4F0zTovC0tmay5SmRslb29V1B7Y5KCri46WhuQ==, registry: https://registry.npm.taobao.org/, tarball: https://registry.npmmirror.com/@ethersproject/rlp/-/rlp-5.6.1.tgz}
    name: '@ethersproject/rlp'
    version: 5.6.1
    dependencies:
      '@ethersproject/bytes': registry.npmmirror.com/@ethersproject/bytes/5.6.1
      '@ethersproject/logger': registry.npmmirror.com/@ethersproject/logger/5.6.0
    dev: false

  registry.npmmirror.com/@ethersproject/sha2/5.6.1:
    resolution: {integrity: sha512-5K2GyqcW7G4Yo3uenHegbXRPDgARpWUiXc6RiF7b6i/HXUoWlb7uCARh7BAHg7/qT/Q5ydofNwiZcim9qpjB6g==, registry: https://registry.npm.taobao.org/, tarball: https://registry.npmmirror.com/@ethersproject/sha2/-/sha2-5.6.1.tgz}
    name: '@ethersproject/sha2'
    version: 5.6.1
    dependencies:
      '@ethersproject/bytes': registry.npmmirror.com/@ethersproject/bytes/5.6.1
      '@ethersproject/logger': registry.npmmirror.com/@ethersproject/logger/5.6.0
      hash.js: registry.npmmirror.com/hash.js/1.1.7
    dev: false

  registry.npmmirror.com/@ethersproject/signing-key/5.6.2:
    resolution: {integrity: sha512-jVbu0RuP7EFpw82vHcL+GP35+KaNruVAZM90GxgQnGqB6crhBqW/ozBfFvdeImtmb4qPko0uxXjn8l9jpn0cwQ==, registry: https://registry.npm.taobao.org/, tarball: https://registry.npmmirror.com/@ethersproject/signing-key/-/signing-key-5.6.2.tgz}
    name: '@ethersproject/signing-key'
    version: 5.6.2
    dependencies:
      '@ethersproject/bytes': registry.npmmirror.com/@ethersproject/bytes/5.6.1
      '@ethersproject/logger': registry.npmmirror.com/@ethersproject/logger/5.6.0
      '@ethersproject/properties': registry.npmmirror.com/@ethersproject/properties/5.6.0
      bn.js: registry.npmmirror.com/bn.js/5.2.1
      elliptic: registry.npmmirror.com/elliptic/6.5.4
      hash.js: registry.npmmirror.com/hash.js/1.1.7
    dev: false

  registry.npmmirror.com/@ethersproject/solidity/5.6.1:
    resolution: {integrity: sha512-KWqVLkUUoLBfL1iwdzUVlkNqAUIFMpbbeH0rgCfKmJp0vFtY4AsaN91gHKo9ZZLkC4UOm3cI3BmMV4N53BOq4g==, registry: https://registry.npm.taobao.org/, tarball: https://registry.npmmirror.com/@ethersproject/solidity/-/solidity-5.6.1.tgz}
    name: '@ethersproject/solidity'
    version: 5.6.1
    dependencies:
      '@ethersproject/bignumber': registry.npmmirror.com/@ethersproject/bignumber/5.6.2
      '@ethersproject/bytes': registry.npmmirror.com/@ethersproject/bytes/5.6.1
      '@ethersproject/keccak256': registry.npmmirror.com/@ethersproject/keccak256/5.6.1
      '@ethersproject/logger': registry.npmmirror.com/@ethersproject/logger/5.6.0
      '@ethersproject/sha2': registry.npmmirror.com/@ethersproject/sha2/5.6.1
      '@ethersproject/strings': registry.npmmirror.com/@ethersproject/strings/5.6.1
    dev: false

  registry.npmmirror.com/@ethersproject/strings/5.6.1:
    resolution: {integrity: sha512-2X1Lgk6Jyfg26MUnsHiT456U9ijxKUybz8IM1Vih+NJxYtXhmvKBcHOmvGqpFSVJ0nQ4ZCoIViR8XlRw1v/+Cw==, registry: https://registry.npm.taobao.org/, tarball: https://registry.npmmirror.com/@ethersproject/strings/-/strings-5.6.1.tgz}
    name: '@ethersproject/strings'
    version: 5.6.1
    dependencies:
      '@ethersproject/bytes': registry.npmmirror.com/@ethersproject/bytes/5.6.1
      '@ethersproject/constants': registry.npmmirror.com/@ethersproject/constants/5.6.1
      '@ethersproject/logger': registry.npmmirror.com/@ethersproject/logger/5.6.0
    dev: false

  registry.npmmirror.com/@ethersproject/transactions/5.6.2:
    resolution: {integrity: sha512-BuV63IRPHmJvthNkkt9G70Ullx6AcM+SDc+a8Aw/8Yew6YwT51TcBKEp1P4oOQ/bP25I18JJr7rcFRgFtU9B2Q==, registry: https://registry.npm.taobao.org/, tarball: https://registry.npmmirror.com/@ethersproject/transactions/-/transactions-5.6.2.tgz}
    name: '@ethersproject/transactions'
    version: 5.6.2
    dependencies:
      '@ethersproject/address': registry.npmmirror.com/@ethersproject/address/5.6.1
      '@ethersproject/bignumber': registry.npmmirror.com/@ethersproject/bignumber/5.6.2
      '@ethersproject/bytes': registry.npmmirror.com/@ethersproject/bytes/5.6.1
      '@ethersproject/constants': registry.npmmirror.com/@ethersproject/constants/5.6.1
      '@ethersproject/keccak256': registry.npmmirror.com/@ethersproject/keccak256/5.6.1
      '@ethersproject/logger': registry.npmmirror.com/@ethersproject/logger/5.6.0
      '@ethersproject/properties': registry.npmmirror.com/@ethersproject/properties/5.6.0
      '@ethersproject/rlp': registry.npmmirror.com/@ethersproject/rlp/5.6.1
      '@ethersproject/signing-key': registry.npmmirror.com/@ethersproject/signing-key/5.6.2
    dev: false

  registry.npmmirror.com/@ethersproject/units/5.6.1:
    resolution: {integrity: sha512-rEfSEvMQ7obcx3KWD5EWWx77gqv54K6BKiZzKxkQJqtpriVsICrktIQmKl8ReNToPeIYPnFHpXvKpi068YFZXw==, registry: https://registry.npm.taobao.org/, tarball: https://registry.npmmirror.com/@ethersproject/units/-/units-5.6.1.tgz}
    name: '@ethersproject/units'
    version: 5.6.1
    dependencies:
      '@ethersproject/bignumber': registry.npmmirror.com/@ethersproject/bignumber/5.6.2
      '@ethersproject/constants': registry.npmmirror.com/@ethersproject/constants/5.6.1
      '@ethersproject/logger': registry.npmmirror.com/@ethersproject/logger/5.6.0
    dev: false

  registry.npmmirror.com/@ethersproject/wallet/5.6.2:
    resolution: {integrity: sha512-lrgh0FDQPuOnHcF80Q3gHYsSUODp6aJLAdDmDV0xKCN/T7D99ta1jGVhulg3PY8wiXEngD0DfM0I2XKXlrqJfg==, registry: https://registry.npm.taobao.org/, tarball: https://registry.npmmirror.com/@ethersproject/wallet/-/wallet-5.6.2.tgz}
    name: '@ethersproject/wallet'
    version: 5.6.2
    dependencies:
      '@ethersproject/abstract-provider': registry.npmmirror.com/@ethersproject/abstract-provider/5.6.1
      '@ethersproject/abstract-signer': registry.npmmirror.com/@ethersproject/abstract-signer/5.6.2
      '@ethersproject/address': registry.npmmirror.com/@ethersproject/address/5.6.1
      '@ethersproject/bignumber': registry.npmmirror.com/@ethersproject/bignumber/5.6.2
      '@ethersproject/bytes': registry.npmmirror.com/@ethersproject/bytes/5.6.1
      '@ethersproject/hash': registry.npmmirror.com/@ethersproject/hash/5.6.1
      '@ethersproject/hdnode': registry.npmmirror.com/@ethersproject/hdnode/5.6.2
      '@ethersproject/json-wallets': registry.npmmirror.com/@ethersproject/json-wallets/5.6.1
      '@ethersproject/keccak256': registry.npmmirror.com/@ethersproject/keccak256/5.6.1
      '@ethersproject/logger': registry.npmmirror.com/@ethersproject/logger/5.6.0
      '@ethersproject/properties': registry.npmmirror.com/@ethersproject/properties/5.6.0
      '@ethersproject/random': registry.npmmirror.com/@ethersproject/random/5.6.1
      '@ethersproject/signing-key': registry.npmmirror.com/@ethersproject/signing-key/5.6.2
      '@ethersproject/transactions': registry.npmmirror.com/@ethersproject/transactions/5.6.2
      '@ethersproject/wordlists': registry.npmmirror.com/@ethersproject/wordlists/5.6.1
    dev: false

  registry.npmmirror.com/@ethersproject/web/5.6.1:
    resolution: {integrity: sha512-/vSyzaQlNXkO1WV+RneYKqCJwualcUdx/Z3gseVovZP0wIlOFcCE1hkRhKBH8ImKbGQbMl9EAAyJFrJu7V0aqA==, registry: https://registry.npm.taobao.org/, tarball: https://registry.npmmirror.com/@ethersproject/web/-/web-5.6.1.tgz}
    name: '@ethersproject/web'
    version: 5.6.1
    dependencies:
      '@ethersproject/base64': registry.npmmirror.com/@ethersproject/base64/5.6.1
      '@ethersproject/bytes': registry.npmmirror.com/@ethersproject/bytes/5.6.1
      '@ethersproject/logger': registry.npmmirror.com/@ethersproject/logger/5.6.0
      '@ethersproject/properties': registry.npmmirror.com/@ethersproject/properties/5.6.0
      '@ethersproject/strings': registry.npmmirror.com/@ethersproject/strings/5.6.1
    dev: false

  registry.npmmirror.com/@ethersproject/wordlists/5.6.1:
    resolution: {integrity: sha512-wiPRgBpNbNwCQFoCr8bcWO8o5I810cqO6mkdtKfLKFlLxeCWcnzDi4Alu8iyNzlhYuS9npCwivMbRWF19dyblw==, registry: https://registry.npm.taobao.org/, tarball: https://registry.npmmirror.com/@ethersproject/wordlists/-/wordlists-5.6.1.tgz}
    name: '@ethersproject/wordlists'
    version: 5.6.1
    dependencies:
      '@ethersproject/bytes': registry.npmmirror.com/@ethersproject/bytes/5.6.1
      '@ethersproject/hash': registry.npmmirror.com/@ethersproject/hash/5.6.1
      '@ethersproject/logger': registry.npmmirror.com/@ethersproject/logger/5.6.0
      '@ethersproject/properties': registry.npmmirror.com/@ethersproject/properties/5.6.0
      '@ethersproject/strings': registry.npmmirror.com/@ethersproject/strings/5.6.1
    dev: false

  registry.npmmirror.com/aes-js/3.0.0:
    resolution: {integrity: sha512-H7wUZRn8WpTq9jocdxQ2c8x2sKo9ZVmzfRE13GiNJXfp7NcKYEdvl3vspKjXox6RIG2VtaRe4JFvxG4rqp2Zuw==, registry: https://registry.npm.taobao.org/, tarball: https://registry.npmmirror.com/aes-js/-/aes-js-3.0.0.tgz}
    name: aes-js
    version: 3.0.0
    dev: false

  registry.npmmirror.com/bech32/1.1.4:
    resolution: {integrity: sha512-s0IrSOzLlbvX7yp4WBfPITzpAU8sqQcpsmwXDiKwrG4r491vwCO/XpejasRNl0piBMe/DvP4Tz0mIS/X1DPJBQ==, registry: https://registry.npm.taobao.org/, tarball: https://registry.npmmirror.com/bech32/-/bech32-1.1.4.tgz}
    name: bech32
    version: 1.1.4
    dev: false

  registry.npmmirror.com/bn.js/4.12.0:
    resolution: {integrity: sha512-c98Bf3tPniI+scsdk237ku1Dc3ujXQTSgyiPUDEOe7tRkhrqridvh8klBv0HCEso1OLOYcHuCv/cS6DNxKH+ZA==, registry: https://registry.npm.taobao.org/, tarball: https://registry.npmmirror.com/bn.js/-/bn.js-4.12.0.tgz}
    name: bn.js
    version: 4.12.0
    dev: false

  registry.npmmirror.com/bn.js/5.2.1:
    resolution: {integrity: sha512-eXRvHzWyYPBuB4NBy0cmYQjGitUrtqwbvlzP3G6VFnNRbsZQIxQ10PbKKHt8gZ/HW/D/747aDl+QkDqg3KQLMQ==, registry: https://registry.npm.taobao.org/, tarball: https://registry.npmmirror.com/bn.js/-/bn.js-5.2.1.tgz}
    name: bn.js
    version: 5.2.1
    dev: false

  registry.npmmirror.com/brorand/1.1.0:
    resolution: {integrity: sha512-cKV8tMCEpQs4hK/ik71d6LrPOnpkpGBR0wzxqr68g2m/LB2GxVYQroAjMJZRVM1Y4BCjCKc3vAamxSzOY2RP+w==, registry: https://registry.npm.taobao.org/, tarball: https://registry.npmmirror.com/brorand/-/brorand-1.1.0.tgz}
    name: brorand
    version: 1.1.0
    dev: false

  registry.npmmirror.com/elliptic/6.5.4:
    resolution: {integrity: sha512-iLhC6ULemrljPZb+QutR5TQGB+pdW6KGD5RSegS+8sorOZT+rdQFbsQFJgvN3eRqNALqJer4oQ16YvJHlU8hzQ==, registry: https://registry.npm.taobao.org/, tarball: https://registry.npmmirror.com/elliptic/-/elliptic-6.5.4.tgz}
    name: elliptic
    version: 6.5.4
    dependencies:
      bn.js: registry.npmmirror.com/bn.js/4.12.0
      brorand: registry.npmmirror.com/brorand/1.1.0
      hash.js: registry.npmmirror.com/hash.js/1.1.7
      hmac-drbg: registry.npmmirror.com/hmac-drbg/1.0.1
      inherits: registry.npmmirror.com/inherits/2.0.4
      minimalistic-assert: registry.npmmirror.com/minimalistic-assert/1.0.1
      minimalistic-crypto-utils: registry.npmmirror.com/minimalistic-crypto-utils/1.0.1
    dev: false

  registry.npmmirror.com/ethers/5.6.9:
    resolution: {integrity: sha512-lMGC2zv9HC5EC+8r429WaWu3uWJUCgUCt8xxKCFqkrFuBDZXDYIdzDUECxzjf2BMF8IVBByY1EBoGSL3RTm8RA==, registry: https://registry.npm.taobao.org/, tarball: https://registry.npmmirror.com/ethers/-/ethers-5.6.9.tgz}
    name: ethers
    version: 5.6.9
    dependencies:
      '@ethersproject/abi': registry.npmmirror.com/@ethersproject/abi/5.6.4
      '@ethersproject/abstract-provider': registry.npmmirror.com/@ethersproject/abstract-provider/5.6.1
      '@ethersproject/abstract-signer': registry.npmmirror.com/@ethersproject/abstract-signer/5.6.2
      '@ethersproject/address': registry.npmmirror.com/@ethersproject/address/5.6.1
      '@ethersproject/base64': registry.npmmirror.com/@ethersproject/base64/5.6.1
      '@ethersproject/basex': registry.npmmirror.com/@ethersproject/basex/5.6.1
      '@ethersproject/bignumber': registry.npmmirror.com/@ethersproject/bignumber/5.6.2
      '@ethersproject/bytes': registry.npmmirror.com/@ethersproject/bytes/5.6.1
      '@ethersproject/constants': registry.npmmirror.com/@ethersproject/constants/5.6.1
      '@ethersproject/contracts': registry.npmmirror.com/@ethersproject/contracts/5.6.2
      '@ethersproject/hash': registry.npmmirror.com/@ethersproject/hash/5.6.1
      '@ethersproject/hdnode': registry.npmmirror.com/@ethersproject/hdnode/5.6.2
      '@ethersproject/json-wallets': registry.npmmirror.com/@ethersproject/json-wallets/5.6.1
      '@ethersproject/keccak256': registry.npmmirror.com/@ethersproject/keccak256/5.6.1
      '@ethersproject/logger': registry.npmmirror.com/@ethersproject/logger/5.6.0
      '@ethersproject/networks': registry.npmmirror.com/@ethersproject/networks/5.6.4
      '@ethersproject/pbkdf2': registry.npmmirror.com/@ethersproject/pbkdf2/5.6.1
      '@ethersproject/properties': registry.npmmirror.com/@ethersproject/properties/5.6.0
      '@ethersproject/providers': registry.npmmirror.com/@ethersproject/providers/5.6.8
      '@ethersproject/random': registry.npmmirror.com/@ethersproject/random/5.6.1
      '@ethersproject/rlp': registry.npmmirror.com/@ethersproject/rlp/5.6.1
      '@ethersproject/sha2': registry.npmmirror.com/@ethersproject/sha2/5.6.1
      '@ethersproject/signing-key': registry.npmmirror.com/@ethersproject/signing-key/5.6.2
      '@ethersproject/solidity': registry.npmmirror.com/@ethersproject/solidity/5.6.1
      '@ethersproject/strings': registry.npmmirror.com/@ethersproject/strings/5.6.1
      '@ethersproject/transactions': registry.npmmirror.com/@ethersproject/transactions/5.6.2
      '@ethersproject/units': registry.npmmirror.com/@ethersproject/units/5.6.1
      '@ethersproject/wallet': registry.npmmirror.com/@ethersproject/wallet/5.6.2
      '@ethersproject/web': registry.npmmirror.com/@ethersproject/web/5.6.1
      '@ethersproject/wordlists': registry.npmmirror.com/@ethersproject/wordlists/5.6.1
    transitivePeerDependencies:
      - bufferutil
      - utf-8-validate
    dev: false

  registry.npmmirror.com/hash.js/1.1.7:
    resolution: {integrity: sha512-taOaskGt4z4SOANNseOviYDvjEJinIkRgmp7LbKP2YTTmVxWBl87s/uzK9r+44BclBSp2X7K1hqeNfz9JbBeXA==, registry: https://registry.npm.taobao.org/, tarball: https://registry.npmmirror.com/hash.js/-/hash.js-1.1.7.tgz}
    name: hash.js
    version: 1.1.7
    dependencies:
      inherits: registry.npmmirror.com/inherits/2.0.4
      minimalistic-assert: registry.npmmirror.com/minimalistic-assert/1.0.1
    dev: false

  registry.npmmirror.com/hmac-drbg/1.0.1:
    resolution: {integrity: sha512-Tti3gMqLdZfhOQY1Mzf/AanLiqh1WTiJgEj26ZuYQ9fbkLomzGchCws4FyrSd4VkpBfiNhaE1On+lOz894jvXg==, registry: https://registry.npm.taobao.org/, tarball: https://registry.npmmirror.com/hmac-drbg/-/hmac-drbg-1.0.1.tgz}
    name: hmac-drbg
    version: 1.0.1
    dependencies:
      hash.js: registry.npmmirror.com/hash.js/1.1.7
      minimalistic-assert: registry.npmmirror.com/minimalistic-assert/1.0.1
      minimalistic-crypto-utils: registry.npmmirror.com/minimalistic-crypto-utils/1.0.1
    dev: false

  registry.npmmirror.com/inherits/2.0.4:
    resolution: {integrity: sha512-k/vGaX4/Yla3WzyMCvTQOXYeIHvqOKtnqBduzTHpzpQZzAskKMhZ2K+EnBiSM9zGSoIFeMpXKxa4dYeZIQqewQ==, registry: https://registry.npm.taobao.org/, tarball: https://registry.npmmirror.com/inherits/-/inherits-2.0.4.tgz}
    name: inherits
    version: 2.0.4
    dev: false

  registry.npmmirror.com/js-sha3/0.8.0:
    resolution: {integrity: sha512-gF1cRrHhIzNfToc802P800N8PpXS+evLLXfsVpowqmAFR9uwbi89WvXg2QspOmXL8QL86J4T1EpFu+yUkwJY3Q==, registry: https://registry.npm.taobao.org/, tarball: https://registry.npmmirror.com/js-sha3/-/js-sha3-0.8.0.tgz}
    name: js-sha3
    version: 0.8.0
    dev: false

  registry.npmmirror.com/minimalistic-assert/1.0.1:
    resolution: {integrity: sha512-UtJcAD4yEaGtjPezWuO9wC4nwUnVH/8/Im3yEHQP4b67cXlD/Qr9hdITCU1xDbSEXg2XKNaP8jsReV7vQd00/A==, registry: https://registry.npm.taobao.org/, tarball: https://registry.npmmirror.com/minimalistic-assert/-/minimalistic-assert-1.0.1.tgz}
    name: minimalistic-assert
    version: 1.0.1
    dev: false

  registry.npmmirror.com/minimalistic-crypto-utils/1.0.1:
    resolution: {integrity: sha512-JIYlbt6g8i5jKfJ3xz7rF0LXmv2TkDxBLUkiBeZ7bAx4GnnNMr8xFpGnOxn6GhTEHx3SjRrZEoU+j04prX1ktg==, registry: https://registry.npm.taobao.org/, tarball: https://registry.npmmirror.com/minimalistic-crypto-utils/-/minimalistic-crypto-utils-1.0.1.tgz}
    name: minimalistic-crypto-utils
    version: 1.0.1
    dev: false

  registry.npmmirror.com/scrypt-js/3.0.1:
    resolution: {integrity: sha512-cdwTTnqPu0Hyvf5in5asVdZocVDTNRmR7XEcJuIzMjJeSHybHl7vpB66AzwTaIg6CLSbtjcxc8fqcySfnTkccA==, registry: https://registry.npm.taobao.org/, tarball: https://registry.npmmirror.com/scrypt-js/-/scrypt-js-3.0.1.tgz}
    name: scrypt-js
    version: 3.0.1
    dev: false

  registry.npmmirror.com/ws/7.4.6:
    resolution: {integrity: sha512-YmhHDO4MzaDLB+M9ym/mDA5z0naX8j7SIlT8f8z+I0VtzsRbekxEutHSme7NPS2qE8StCYQNUnfWdXta/Yu85A==, registry: https://registry.npm.taobao.org/, tarball: https://registry.npmmirror.com/ws/-/ws-7.4.6.tgz}
    name: ws
    version: 7.4.6
    engines: {node: '>=8.3.0'}
    peerDependencies:
      bufferutil: ^4.0.1
      utf-8-validate: ^5.0.2
    peerDependenciesMeta:
      bufferutil:
        optional: true
      utf-8-validate:
        optional: true
    dev: false
